
Microsoft Visual Studio Solution File, Format Version 12.00
# Visual Studio Version 16
VisualStudioVersion = 16.0.31829.152
MinimumVisualStudioVersion = 10.0.40219.1
Project("{8BC9CEB8-8B4A-11D0-8D11-00A0C91BC942}") = "CryptString", "CryptString\CryptString.vcxproj", "{DA6C8933-6C28-434E-8787-949028B00AC0}"
EndProject
Global
	GlobalSection(SolutionConfigurationPlatforms) = preSolution
		Debug|x64 = Debug|x64
		Debug|x86 = Debug|x86
		Release|x64 = Release|x64
		Release|x86 = Release|x86
	EndGlobalSection
	GlobalSection(ProjectConfigurationPlatforms) = postSolution
		{DA6C8933-6C28-434E-8787-949028B00AC0}.Debug|x64.ActiveCfg = Debug|x64
		{DA6C8933-6C28-434E-8787-949028B00AC0}.Debug|x64.Build.0 = Debug|x64
		{DA6C8933-6C28-434E-8787-949028B00AC0}.Debug|x86.ActiveCfg = Debug|Win32
		{DA6C8933-6C28-434E-8787-949028B00AC0}.Debug|x86.Build.0 = Debug|Win32
		{DA6C8933-6C28-434E-8787-949028B00AC0}.Release|x64.ActiveCfg = Release|x64
		{DA6C8933-6C28-434E-8787-949028B00AC0}.Release|x64.Build.0 = Release|x64
		{DA6C8933-6C28-434E-8787-949028B00AC0}.Release|x86.ActiveCfg = Release|Win32
		{DA6C8933-6C28-434E-8787-949028B00AC0}.Release|x86.Build.0 = Release|Win32
	EndGlobalSection
	GlobalSection(SolutionProperties) = preSolution
		HideSolutionNode = FALSE
	EndGlobalSection
	GlobalSection(ExtensibilityGlobals) = postSolution
		SolutionGuid = {CA1DBAF0-D649-464B-B49A-F2F7FAA7EC87}
	EndGlobalSection
EndGlobal
